
Microsoft Visual Studio Solution File, Format Version 12.00
# Visual Studio Version 17
VisualStudioVersion = 17.4.33122.133
MinimumVisualStudioVersion = 10.0.40219.1
Project("{FAE04EC0-301F-11D3-BF4B-00C04F79EFBC}") = "Web", "Web\Web.csproj", "{F849EB6D-E3FE-4972-96B0-791A6B12F177}"
EndProject
Project("{FAE04EC0-301F-11D3-BF4B-00C04F79EFBC}") = "SV.Database", "Database\SV.Database.csproj", "{265373DD-9C62-40FB-BA15-25E93DBF6640}"
EndProject
Project("{FAE04EC0-301F-11D3-BF4B-00C04F79EFBC}") = "Entities", "Entities\Entities.csproj", "{69AD3182-1860-45E2-948D-F6E7290809AF}"
EndProject
Project("{FAE04EC0-301F-11D3-BF4B-00C04F79EFBC}") = "DataModels", "DataModels\DataModels.csproj", "{08BC6CC7-0F07-43DC-801D-339C7286B92A}"
EndProject
Project("{FAE04EC0-301F-11D3-BF4B-00C04F79EFBC}") = "Services", "Services\Services.csproj", "{792023CA-93D3-4B0B-AF30-70E79D5E477E}"
EndProject
Global
	GlobalSection(SolutionConfigurationPlatforms) = preSolution
		Debug|Any CPU = Debug|Any CPU
		Release|Any CPU = Release|Any CPU
	EndGlobalSection
	GlobalSection(ProjectConfigurationPlatforms) = postSolution
		{F849EB6D-E3FE-4972-96B0-791A6B12F177}.Debug|Any CPU.ActiveCfg = Debug|Any CPU
		{F849EB6D-E3FE-4972-96B0-791A6B12F177}.Debug|Any CPU.Build.0 = Debug|Any CPU
		{F849EB6D-E3FE-4972-96B0-791A6B12F177}.Release|Any CPU.ActiveCfg = Release|Any CPU
		{F849EB6D-E3FE-4972-96B0-791A6B12F177}.Release|Any CPU.Build.0 = Release|Any CPU
		{265373DD-9C62-40FB-BA15-25E93DBF6640}.Debug|Any CPU.ActiveCfg = Debug|Any CPU
		{265373DD-9C62-40FB-BA15-25E93DBF6640}.Debug|Any CPU.Build.0 = Debug|Any CPU
		{265373DD-9C62-40FB-BA15-25E93DBF6640}.Release|Any CPU.ActiveCfg = Release|Any CPU
		{265373DD-9C62-40FB-BA15-25E93DBF6640}.Release|Any CPU.Build.0 = Release|Any CPU
		{69AD3182-1860-45E2-948D-F6E7290809AF}.Debug|Any CPU.ActiveCfg = Debug|Any CPU
		{69AD3182-1860-45E2-948D-F6E7290809AF}.Debug|Any CPU.Build.0 = Debug|Any CPU
		{69AD3182-1860-45E2-948D-F6E7290809AF}.Release|Any CPU.ActiveCfg = Release|Any CPU
		{69AD3182-1860-45E2-948D-F6E7290809AF}.Release|Any CPU.Build.0 = Release|Any CPU
		{08BC6CC7-0F07-43DC-801D-339C7286B92A}.Debug|Any CPU.ActiveCfg = Debug|Any CPU
		{08BC6CC7-0F07-43DC-801D-339C7286B92A}.Debug|Any CPU.Build.0 = Debug|Any CPU
		{08BC6CC7-0F07-43DC-801D-339C7286B92A}.Release|Any CPU.ActiveCfg = Release|Any CPU
		{08BC6CC7-0F07-43DC-801D-339C7286B92A}.Release|Any CPU.Build.0 = Release|Any CPU
		{792023CA-93D3-4B0B-AF30-70E79D5E477E}.Debug|Any CPU.ActiveCfg = Debug|Any CPU
		{792023CA-93D3-4B0B-AF30-70E79D5E477E}.Debug|Any CPU.Build.0 = Debug|Any CPU
		{792023CA-93D3-4B0B-AF30-70E79D5E477E}.Release|Any CPU.ActiveCfg = Release|Any CPU
		{792023CA-93D3-4B0B-AF30-70E79D5E477E}.Release|Any CPU.Build.0 = Release|Any CPU
	EndGlobalSection
	GlobalSection(SolutionProperties) = preSolution
		HideSolutionNode = FALSE
	EndGlobalSection
	GlobalSection(ExtensibilityGlobals) = postSolution
		SolutionGuid = {95513F93-1FBC-4E4E-9E22-0D2CEFD7C513}
	EndGlobalSection
EndGlobal
